
Microsoft Visual Studio Solution File, Format Version 12.00
# Visual Studio Version 16
VisualStudioVersion = 16.0.32510.428
MinimumVisualStudioVersion = 10.0.40219.1
Project("{9A19103F-16F7-4668-BE54-9A1E7A4F7556}") = "FoodDonationManagmentSystem", "FoodDonationManagmentSystem.csproj", "{84CF10C6-722F-4034-98BD-ED8C4B26101F}"
EndProject
Project("{FAE04EC0-301F-11D3-BF4B-00C04F79EFBC}") = "MsUnitTest", "..\MsUnitTest\MsUnitTest.csproj", "{843869E2-D6EA-4871-9D56-A1C86D147B32}"
EndProject
Global
	GlobalSection(SolutionConfigurationPlatforms) = preSolution
		Debug|Any CPU = Debug|Any CPU
		Release|Any CPU = Release|Any CPU
	EndGlobalSection
	GlobalSection(ProjectConfigurationPlatforms) = postSolution
		{84CF10C6-722F-4034-98BD-ED8C4B26101F}.Debug|Any CPU.ActiveCfg = Debug|Any CPU
		{84CF10C6-722F-4034-98BD-ED8C4B26101F}.Debug|Any CPU.Build.0 = Debug|Any CPU
		{84CF10C6-722F-4034-98BD-ED8C4B26101F}.Release|Any CPU.ActiveCfg = Release|Any CPU
		{84CF10C6-722F-4034-98BD-ED8C4B26101F}.Release|Any CPU.Build.0 = Release|Any CPU
		{843869E2-D6EA-4871-9D56-A1C86D147B32}.Debug|Any CPU.ActiveCfg = Debug|Any CPU
		{843869E2-D6EA-4871-9D56-A1C86D147B32}.Debug|Any CPU.Build.0 = Debug|Any CPU
		{843869E2-D6EA-4871-9D56-A1C86D147B32}.Release|Any CPU.ActiveCfg = Release|Any CPU
		{843869E2-D6EA-4871-9D56-A1C86D147B32}.Release|Any CPU.Build.0 = Release|Any CPU
	EndGlobalSection
	GlobalSection(SolutionProperties) = preSolution
		HideSolutionNode = FALSE
	EndGlobalSection
	GlobalSection(ExtensibilityGlobals) = postSolution
		SolutionGuid = {65A21DCB-F8EF-4C4F-B1C5-9ECA428E05A9}
	EndGlobalSection
EndGlobal
